
Microsoft Visual Studio Solution File, Format Version 12.00
# Visual Studio 15
VisualStudioVersion = 15.0.28307.1738
MinimumVisualStudioVersion = 10.0.40219.1
Project("{FAE04EC0-301F-11D3-BF4B-00C04F79EFBC}") = "Demo_Sort", "Demo_Sort\Demo_Sort.csproj", "{D644A06C-EA0C-4913-99DD-64DFEAAB290C}"
EndProject
Global
	GlobalSection(SolutionConfigurationPlatforms) = preSolution
		Debug|Any CPU = Debug|Any CPU
		Release|Any CPU = Release|Any CPU
	EndGlobalSection
	GlobalSection(ProjectConfigurationPlatforms) = postSolution
		{D644A06C-EA0C-4913-99DD-64DFEAAB290C}.Debug|Any CPU.ActiveCfg = Debug|Any CPU
		{D644A06C-EA0C-4913-99DD-64DFEAAB290C}.Debug|Any CPU.Build.0 = Debug|Any CPU
		{D644A06C-EA0C-4913-99DD-64DFEAAB290C}.Release|Any CPU.ActiveCfg = Release|Any CPU
		{D644A06C-EA0C-4913-99DD-64DFEAAB290C}.Release|Any CPU.Build.0 = Release|Any CPU
	EndGlobalSection
	GlobalSection(SolutionProperties) = preSolution
		HideSolutionNode = FALSE
	EndGlobalSection
	GlobalSection(ExtensibilityGlobals) = postSolution
		SolutionGuid = {7D9CE3AA-1B1B-4D51-B7B8-5A83E4B0B793}
	EndGlobalSection
EndGlobal
